
Microsoft Visual Studio Solution File, Format Version 12.00
# Visual Studio 15
VisualStudioVersion = 15.0.26730.16
MinimumVisualStudioVersion = 10.0.40219.1
Project("{FAE04EC0-301F-11D3-BF4B-00C04F79EFBC}") = "EFCodeFirstEmpTask", "EFCodeFirstEmpTask\EFCodeFirstEmpTask.csproj", "{29561C91-3617-4978-A1E9-BB1D006E2859}"
EndProject
Global
	GlobalSection(SolutionConfigurationPlatforms) = preSolution
		Debug|Any CPU = Debug|Any CPU
		Release|Any CPU = Release|Any CPU
	EndGlobalSection
	GlobalSection(ProjectConfigurationPlatforms) = postSolution
		{29561C91-3617-4978-A1E9-BB1D006E2859}.Debug|Any CPU.ActiveCfg = Debug|Any CPU
		{29561C91-3617-4978-A1E9-BB1D006E2859}.Debug|Any CPU.Build.0 = Debug|Any CPU
		{29561C91-3617-4978-A1E9-BB1D006E2859}.Release|Any CPU.ActiveCfg = Release|Any CPU
		{29561C91-3617-4978-A1E9-BB1D006E2859}.Release|Any CPU.Build.0 = Release|Any CPU
	EndGlobalSection
	GlobalSection(SolutionProperties) = preSolution
		HideSolutionNode = FALSE
	EndGlobalSection
	GlobalSection(ExtensibilityGlobals) = postSolution
		SolutionGuid = {E7EAC8CA-1137-4EB2-8282-E51CF06E766F}
	EndGlobalSection
EndGlobal
